
Microsoft Visual Studio Solution File, Format Version 12.00
# Visual Studio Version 17
VisualStudioVersion = 17.0.32002.185
MinimumVisualStudioVersion = 10.0.40219.1
Project("{9A19103F-16F7-4668-BE54-9A1E7A4F7556}") = "Libs.Linq.Fluent.Expressions", "Libs.Linq.Fluent\Libs.Linq.Fluent.Expressions\Libs.Linq.Fluent.Expressions.csproj", "{3BE0456D-DC70-4BC6-A188-CAE4043C9813}"
EndProject
Project("{9A19103F-16F7-4668-BE54-9A1E7A4F7556}") = "Libs.Linq.Fluent.Tests", "Libs.Linq.Fluent\Libs.Linq.Fluent.Tests\Libs.Linq.Fluent.Tests.csproj", "{2785E0EE-F2D6-4C66-9CEA-574993DE4670}"
EndProject
Project("{9A19103F-16F7-4668-BE54-9A1E7A4F7556}") = "Libs.System.Extensions", "Libs.System.Extensions\Libs.System.Extensions\Libs.System.Extensions.csproj", "{D6D4BEEE-26F9-4C7A-B942-ABC7753284F2}"
EndProject
Project("{9A19103F-16F7-4668-BE54-9A1E7A4F7556}") = "Libs.Linq.Fluent.Funcs", "Libs.Linq.Fluent\Libs.Linq.Fluent.Funcs\Libs.Linq.Fluent.Funcs.csproj", "{8A7E2459-E622-47F9-B567-CC71D1ED1F44}"
EndProject
Project("{2150E333-8FDC-42A3-9474-1A3956D46DE8}") = "Libs.Linq.Fluent", "Libs.Linq.Fluent", "{ED25D341-0DE9-446B-8307-C659689CB201}"
EndProject
Project("{9A19103F-16F7-4668-BE54-9A1E7A4F7556}") = "Libs.Fluent.Net.Mail", "Libs.Fluent.Net.Mail\Libs.Fluent.Net.Mail\Libs.Fluent.Net.Mail.csproj", "{600B47C8-B0A7-45E2-AAD9-60252451E53C}"
EndProject
Project("{9A19103F-16F7-4668-BE54-9A1E7A4F7556}") = "Libs.Fluent.Net.Mail.Tests", "Libs.Fluent.Net.Mail\Libs.Fluent.Net.Mail.Tests\Libs.Fluent.Net.Mail.Tests.csproj", "{25E4507C-8BE3-4629-B7B0-50BEA4EBAB5A}"
EndProject
Project("{2150E333-8FDC-42A3-9474-1A3956D46DE8}") = "Libs.Fluent.Net.Mail", "Libs.Fluent.Net.Mail", "{C8BA9207-5FEE-4114-B4B9-7DE3AFE83368}"
EndProject
Project("{2150E333-8FDC-42A3-9474-1A3956D46DE8}") = "Libs.System.Extensions", "Libs.System.Extensions", "{5F2AB6BE-35D3-4DF5-9A23-91FFE739C4E6}"
EndProject
Project("{9A19103F-16F7-4668-BE54-9A1E7A4F7556}") = "Libs.System.Extensions.Tests", "Libs.System.Extensions\Libs.System.Extensions.Tests\Libs.System.Extensions.Tests.csproj", "{C063D11F-0FE7-450F-8665-F631885242DF}"
EndProject
Project("{2150E333-8FDC-42A3-9474-1A3956D46DE8}") = "Libs.System.Utilities", "Libs.System.Utilities", "{000714D5-167B-4388-A029-A98C126A1302}"
EndProject
Project("{9A19103F-16F7-4668-BE54-9A1E7A4F7556}") = "Libs.System.Utilities", "Libs.System.Utilities\Libs.System.Utilities\Libs.System.Utilities.csproj", "{992042B8-1362-4021-949F-7ABA4E97F63D}"
EndProject
Project("{2150E333-8FDC-42A3-9474-1A3956D46DE8}") = "Libs.NPOI", "Libs.NPOI", "{8EF84D9F-9DA1-4BB8-A777-A45A3EC86938}"
EndProject
Project("{9A19103F-16F7-4668-BE54-9A1E7A4F7556}") = "Libs.NPOI.Fluent", "Libs.NPOI\Libs.NPOI.Fluent\Libs.NPOI.Fluent.csproj", "{3784B6C0-CA06-4F0C-8554-9596BDF156A2}"
EndProject
Project("{9A19103F-16F7-4668-BE54-9A1E7A4F7556}") = "Libs.NPOI.Extensions", "Libs.NPOI\Libs.NPOI.Extensions\Libs.NPOI.Extensions.csproj", "{B33599A9-E00E-4BDE-9EF2-E0B149FE0EEE}"
EndProject
Project("{2150E333-8FDC-42A3-9474-1A3956D46DE8}") = "Libs.Nhibernate", "Libs.Nhibernate", "{480967A9-E7FC-4616-B09A-ED48BF612E2A}"
EndProject
Project("{9A19103F-16F7-4668-BE54-9A1E7A4F7556}") = "Libs.Nhibernate.Base", "Libs.Nhibernate\Libs.Nhibernate.Base\Libs.Nhibernate.Base.csproj", "{87864FC3-445B-41A8-87D0-0F2EA17798A1}"
EndProject
Project("{9A19103F-16F7-4668-BE54-9A1E7A4F7556}") = "Libs.NPOI.Tests", "Libs.NPOI\Libs.NPOI.Tests\Libs.NPOI.Tests.csproj", "{5F3A9A93-CD94-402D-9FCF-7961C4B09448}"
EndProject
Project("{9A19103F-16F7-4668-BE54-9A1E7A4F7556}") = "Libs.System.Utilities.Tests", "Libs.System.Utilities\Libs.System.Utilities.Tests\Libs.System.Utilities.Tests.csproj", "{D374D7FA-A01C-40B9-9C24-2EFFE636D938}"
EndProject
Project("{9A19103F-16F7-4668-BE54-9A1E7A4F7556}") = "Libs.Nhibernate.Tests", "Libs.Nhibernate\Libs.Nhibernate.Tests\Libs.Nhibernate.Tests.csproj", "{BDC0A2DB-5B6D-4604-947F-6AB375BEC820}"
EndProject
Project("{9A19103F-16F7-4668-BE54-9A1E7A4F7556}") = "Libs.Fluent.Net.Mail.AspNetCore", "Libs.Fluent.Net.Mail\Libs.Fluent.Net.Mail.AspNetCore\Libs.Fluent.Net.Mail.AspNetCore.csproj", "{0972ADE3-3890-4B93-BFAA-BB617A8DE134}"
EndProject
Project("{9A19103F-16F7-4668-BE54-9A1E7A4F7556}") = "Libs.System.Utilities.TokenBuilder", "Libs.System.Utilities\Libs.System.Utilities.TokenBuilder\Libs.System.Utilities.TokenBuilder.csproj", "{B0554070-D177-4616-8B57-16406F31287F}"
EndProject
Project("{2150E333-8FDC-42A3-9474-1A3956D46DE8}") = "Libs.Quartz", "Libs.Quartz", "{C6E2CA1C-3958-43A5-BD49-C43058598459}"
EndProject
Project("{9A19103F-16F7-4668-BE54-9A1E7A4F7556}") = "Libs.Quartz", "Libs.Quartz\Libs.Quartz\Libs.Quartz.csproj", "{C7F95974-4021-4B9B-BC61-0A8077D14B8A}"
EndProject
Project("{9A19103F-16F7-4668-BE54-9A1E7A4F7556}") = "Libs.Quartz.DependencyInjection", "Libs.Quartz\Libs.Quartz.DependencyInjection\Libs.Quartz.DependencyInjection.csproj", "{B99697FE-619C-4D04-9BC0-A9B21FFF75E8}"
EndProject
Project("{FAE04EC0-301F-11D3-BF4B-00C04F79EFBC}") = "Libs.Quartz.Tests", "Libs.Quartz\Libs.Quartz.Tests\Libs.Quartz.Tests.csproj", "{2F09B388-1E66-45BF-BEF0-0807801E13AA}"
EndProject
Global
	GlobalSection(SolutionConfigurationPlatforms) = preSolution
		Debug|Any CPU = Debug|Any CPU
		Release|Any CPU = Release|Any CPU
	EndGlobalSection
	GlobalSection(ProjectConfigurationPlatforms) = postSolution
		{3BE0456D-DC70-4BC6-A188-CAE4043C9813}.Debug|Any CPU.ActiveCfg = Debug|Any CPU
		{3BE0456D-DC70-4BC6-A188-CAE4043C9813}.Debug|Any CPU.Build.0 = Debug|Any CPU
		{3BE0456D-DC70-4BC6-A188-CAE4043C9813}.Release|Any CPU.ActiveCfg = Release|Any CPU
		{3BE0456D-DC70-4BC6-A188-CAE4043C9813}.Release|Any CPU.Build.0 = Release|Any CPU
		{2785E0EE-F2D6-4C66-9CEA-574993DE4670}.Debug|Any CPU.ActiveCfg = Debug|Any CPU
		{2785E0EE-F2D6-4C66-9CEA-574993DE4670}.Debug|Any CPU.Build.0 = Debug|Any CPU
		{2785E0EE-F2D6-4C66-9CEA-574993DE4670}.Release|Any CPU.ActiveCfg = Release|Any CPU
		{2785E0EE-F2D6-4C66-9CEA-574993DE4670}.Release|Any CPU.Build.0 = Release|Any CPU
		{D6D4BEEE-26F9-4C7A-B942-ABC7753284F2}.Debug|Any CPU.ActiveCfg = Debug|Any CPU
		{D6D4BEEE-26F9-4C7A-B942-ABC7753284F2}.Debug|Any CPU.Build.0 = Debug|Any CPU
		{D6D4BEEE-26F9-4C7A-B942-ABC7753284F2}.Release|Any CPU.ActiveCfg = Release|Any CPU
		{D6D4BEEE-26F9-4C7A-B942-ABC7753284F2}.Release|Any CPU.Build.0 = Release|Any CPU
		{8A7E2459-E622-47F9-B567-CC71D1ED1F44}.Debug|Any CPU.ActiveCfg = Debug|Any CPU
		{8A7E2459-E622-47F9-B567-CC71D1ED1F44}.Debug|Any CPU.Build.0 = Debug|Any CPU
		{8A7E2459-E622-47F9-B567-CC71D1ED1F44}.Release|Any CPU.ActiveCfg = Release|Any CPU
		{8A7E2459-E622-47F9-B567-CC71D1ED1F44}.Release|Any CPU.Build.0 = Release|Any CPU
		{600B47C8-B0A7-45E2-AAD9-60252451E53C}.Debug|Any CPU.ActiveCfg = Debug|Any CPU
		{600B47C8-B0A7-45E2-AAD9-60252451E53C}.Debug|Any CPU.Build.0 = Debug|Any CPU
		{600B47C8-B0A7-45E2-AAD9-60252451E53C}.Release|Any CPU.ActiveCfg = Release|Any CPU
		{600B47C8-B0A7-45E2-AAD9-60252451E53C}.Release|Any CPU.Build.0 = Release|Any CPU
		{25E4507C-8BE3-4629-B7B0-50BEA4EBAB5A}.Debug|Any CPU.ActiveCfg = Debug|Any CPU
		{25E4507C-8BE3-4629-B7B0-50BEA4EBAB5A}.Debug|Any CPU.Build.0 = Debug|Any CPU
		{25E4507C-8BE3-4629-B7B0-50BEA4EBAB5A}.Release|Any CPU.ActiveCfg = Release|Any CPU
		{25E4507C-8BE3-4629-B7B0-50BEA4EBAB5A}.Release|Any CPU.Build.0 = Release|Any CPU
		{C063D11F-0FE7-450F-8665-F631885242DF}.Debug|Any CPU.ActiveCfg = Debug|Any CPU
		{C063D11F-0FE7-450F-8665-F631885242DF}.Debug|Any CPU.Build.0 = Debug|Any CPU
		{C063D11F-0FE7-450F-8665-F631885242DF}.Release|Any CPU.ActiveCfg = Release|Any CPU
		{C063D11F-0FE7-450F-8665-F631885242DF}.Release|Any CPU.Build.0 = Release|Any CPU
		{992042B8-1362-4021-949F-7ABA4E97F63D}.Debug|Any CPU.ActiveCfg = Debug|Any CPU
		{992042B8-1362-4021-949F-7ABA4E97F63D}.Debug|Any CPU.Build.0 = Debug|Any CPU
		{992042B8-1362-4021-949F-7ABA4E97F63D}.Release|Any CPU.ActiveCfg = Release|Any CPU
		{992042B8-1362-4021-949F-7ABA4E97F63D}.Release|Any CPU.Build.0 = Release|Any CPU
		{3784B6C0-CA06-4F0C-8554-9596BDF156A2}.Debug|Any CPU.ActiveCfg = Debug|Any CPU
		{3784B6C0-CA06-4F0C-8554-9596BDF156A2}.Debug|Any CPU.Build.0 = Debug|Any CPU
		{3784B6C0-CA06-4F0C-8554-9596BDF156A2}.Release|Any CPU.ActiveCfg = Release|Any CPU
		{3784B6C0-CA06-4F0C-8554-9596BDF156A2}.Release|Any CPU.Build.0 = Release|Any CPU
		{B33599A9-E00E-4BDE-9EF2-E0B149FE0EEE}.Debug|Any CPU.ActiveCfg = Debug|Any CPU
		{B33599A9-E00E-4BDE-9EF2-E0B149FE0EEE}.Debug|Any CPU.Build.0 = Debug|Any CPU
		{B33599A9-E00E-4BDE-9EF2-E0B149FE0EEE}.Release|Any CPU.ActiveCfg = Release|Any CPU
		{B33599A9-E00E-4BDE-9EF2-E0B149FE0EEE}.Release|Any CPU.Build.0 = Release|Any CPU
		{87864FC3-445B-41A8-87D0-0F2EA17798A1}.Debug|Any CPU.ActiveCfg = Debug|Any CPU
		{87864FC3-445B-41A8-87D0-0F2EA17798A1}.Debug|Any CPU.Build.0 = Debug|Any CPU
		{87864FC3-445B-41A8-87D0-0F2EA17798A1}.Release|Any CPU.ActiveCfg = Release|Any CPU
		{87864FC3-445B-41A8-87D0-0F2EA17798A1}.Release|Any CPU.Build.0 = Release|Any CPU
		{5F3A9A93-CD94-402D-9FCF-7961C4B09448}.Debug|Any CPU.ActiveCfg = Debug|Any CPU
		{5F3A9A93-CD94-402D-9FCF-7961C4B09448}.Debug|Any CPU.Build.0 = Debug|Any CPU
		{5F3A9A93-CD94-402D-9FCF-7961C4B09448}.Release|Any CPU.ActiveCfg = Release|Any CPU
		{5F3A9A93-CD94-402D-9FCF-7961C4B09448}.Release|Any CPU.Build.0 = Release|Any CPU
		{D374D7FA-A01C-40B9-9C24-2EFFE636D938}.Debug|Any CPU.ActiveCfg = Debug|Any CPU
		{D374D7FA-A01C-40B9-9C24-2EFFE636D938}.Debug|Any CPU.Build.0 = Debug|Any CPU
		{D374D7FA-A01C-40B9-9C24-2EFFE636D938}.Release|Any CPU.ActiveCfg = Release|Any CPU
		{D374D7FA-A01C-40B9-9C24-2EFFE636D938}.Release|Any CPU.Build.0 = Release|Any CPU
		{BDC0A2DB-5B6D-4604-947F-6AB375BEC820}.Debug|Any CPU.ActiveCfg = Debug|Any CPU
		{BDC0A2DB-5B6D-4604-947F-6AB375BEC820}.Debug|Any CPU.Build.0 = Debug|Any CPU
		{BDC0A2DB-5B6D-4604-947F-6AB375BEC820}.Release|Any CPU.ActiveCfg = Release|Any CPU
		{BDC0A2DB-5B6D-4604-947F-6AB375BEC820}.Release|Any CPU.Build.0 = Release|Any CPU
		{0972ADE3-3890-4B93-BFAA-BB617A8DE134}.Debug|Any CPU.ActiveCfg = Debug|Any CPU
		{0972ADE3-3890-4B93-BFAA-BB617A8DE134}.Debug|Any CPU.Build.0 = Debug|Any CPU
		{0972ADE3-3890-4B93-BFAA-BB617A8DE134}.Release|Any CPU.ActiveCfg = Release|Any CPU
		{0972ADE3-3890-4B93-BFAA-BB617A8DE134}.Release|Any CPU.Build.0 = Release|Any CPU
		{B0554070-D177-4616-8B57-16406F31287F}.Debug|Any CPU.ActiveCfg = Debug|Any CPU
		{B0554070-D177-4616-8B57-16406F31287F}.Debug|Any CPU.Build.0 = Debug|Any CPU
		{B0554070-D177-4616-8B57-16406F31287F}.Release|Any CPU.ActiveCfg = Release|Any CPU
		{B0554070-D177-4616-8B57-16406F31287F}.Release|Any CPU.Build.0 = Release|Any CPU
		{C7F95974-4021-4B9B-BC61-0A8077D14B8A}.Debug|Any CPU.ActiveCfg = Debug|Any CPU
		{C7F95974-4021-4B9B-BC61-0A8077D14B8A}.Debug|Any CPU.Build.0 = Debug|Any CPU
		{C7F95974-4021-4B9B-BC61-0A8077D14B8A}.Release|Any CPU.ActiveCfg = Release|Any CPU
		{C7F95974-4021-4B9B-BC61-0A8077D14B8A}.Release|Any CPU.Build.0 = Release|Any CPU
		{B99697FE-619C-4D04-9BC0-A9B21FFF75E8}.Debug|Any CPU.ActiveCfg = Debug|Any CPU
		{B99697FE-619C-4D04-9BC0-A9B21FFF75E8}.Debug|Any CPU.Build.0 = Debug|Any CPU
		{B99697FE-619C-4D04-9BC0-A9B21FFF75E8}.Release|Any CPU.ActiveCfg = Release|Any CPU
		{B99697FE-619C-4D04-9BC0-A9B21FFF75E8}.Release|Any CPU.Build.0 = Release|Any CPU
		{2F09B388-1E66-45BF-BEF0-0807801E13AA}.Debug|Any CPU.ActiveCfg = Debug|Any CPU
		{2F09B388-1E66-45BF-BEF0-0807801E13AA}.Debug|Any CPU.Build.0 = Debug|Any CPU
		{2F09B388-1E66-45BF-BEF0-0807801E13AA}.Release|Any CPU.ActiveCfg = Release|Any CPU
		{2F09B388-1E66-45BF-BEF0-0807801E13AA}.Release|Any CPU.Build.0 = Release|Any CPU
	EndGlobalSection
	GlobalSection(SolutionProperties) = preSolution
		HideSolutionNode = FALSE
	EndGlobalSection
	GlobalSection(NestedProjects) = preSolution
		{3BE0456D-DC70-4BC6-A188-CAE4043C9813} = {ED25D341-0DE9-446B-8307-C659689CB201}
		{2785E0EE-F2D6-4C66-9CEA-574993DE4670} = {ED25D341-0DE9-446B-8307-C659689CB201}
		{D6D4BEEE-26F9-4C7A-B942-ABC7753284F2} = {5F2AB6BE-35D3-4DF5-9A23-91FFE739C4E6}
		{8A7E2459-E622-47F9-B567-CC71D1ED1F44} = {ED25D341-0DE9-446B-8307-C659689CB201}
		{600B47C8-B0A7-45E2-AAD9-60252451E53C} = {C8BA9207-5FEE-4114-B4B9-7DE3AFE83368}
		{25E4507C-8BE3-4629-B7B0-50BEA4EBAB5A} = {C8BA9207-5FEE-4114-B4B9-7DE3AFE83368}
		{C063D11F-0FE7-450F-8665-F631885242DF} = {5F2AB6BE-35D3-4DF5-9A23-91FFE739C4E6}
		{992042B8-1362-4021-949F-7ABA4E97F63D} = {000714D5-167B-4388-A029-A98C126A1302}
		{3784B6C0-CA06-4F0C-8554-9596BDF156A2} = {8EF84D9F-9DA1-4BB8-A777-A45A3EC86938}
		{B33599A9-E00E-4BDE-9EF2-E0B149FE0EEE} = {8EF84D9F-9DA1-4BB8-A777-A45A3EC86938}
		{87864FC3-445B-41A8-87D0-0F2EA17798A1} = {480967A9-E7FC-4616-B09A-ED48BF612E2A}
		{5F3A9A93-CD94-402D-9FCF-7961C4B09448} = {8EF84D9F-9DA1-4BB8-A777-A45A3EC86938}
		{D374D7FA-A01C-40B9-9C24-2EFFE636D938} = {000714D5-167B-4388-A029-A98C126A1302}
		{BDC0A2DB-5B6D-4604-947F-6AB375BEC820} = {480967A9-E7FC-4616-B09A-ED48BF612E2A}
		{0972ADE3-3890-4B93-BFAA-BB617A8DE134} = {C8BA9207-5FEE-4114-B4B9-7DE3AFE83368}
		{B0554070-D177-4616-8B57-16406F31287F} = {000714D5-167B-4388-A029-A98C126A1302}
		{C7F95974-4021-4B9B-BC61-0A8077D14B8A} = {C6E2CA1C-3958-43A5-BD49-C43058598459}
		{B99697FE-619C-4D04-9BC0-A9B21FFF75E8} = {C6E2CA1C-3958-43A5-BD49-C43058598459}
		{2F09B388-1E66-45BF-BEF0-0807801E13AA} = {C6E2CA1C-3958-43A5-BD49-C43058598459}
	EndGlobalSection
	GlobalSection(ExtensibilityGlobals) = postSolution
		SolutionGuid = {11E9DA4D-2EE1-4775-B2EF-4CF24A79317E}
	EndGlobalSection
EndGlobal
