
Microsoft Visual Studio Solution File, Format Version 12.00
# Visual Studio Version 17
VisualStudioVersion = 17.0.32002.185
MinimumVisualStudioVersion = 10.0.40219.1
Project("{FAE04EC0-301F-11D3-BF4B-00C04F79EFBC}") = "Linq.Fluent.Expressions", "Linq.Fluent\Linq.Fluent.Expressions.csproj", "{3BE0456D-DC70-4BC6-A188-CAE4043C9813}"
EndProject
Project("{FAE04EC0-301F-11D3-BF4B-00C04F79EFBC}") = "Linq.Fluent.Tests", "Linq.Fluent.Tests\Linq.Fluent.Tests.csproj", "{2785E0EE-F2D6-4C66-9CEA-574993DE4670}"
EndProject
Project("{FAE04EC0-301F-11D3-BF4B-00C04F79EFBC}") = "System.Extensions", "System.Extensions\System.Extensions.csproj", "{D6D4BEEE-26F9-4C7A-B942-ABC7753284F2}"
EndProject
Project("{FAE04EC0-301F-11D3-BF4B-00C04F79EFBC}") = "Linq.Fluent.Funcs", "Linq.Fluent.Funcs\Linq.Fluent.Funcs.csproj", "{8A7E2459-E622-47F9-B567-CC71D1ED1F44}"
EndProject
Global
	GlobalSection(SolutionConfigurationPlatforms) = preSolution
		Debug|Any CPU = Debug|Any CPU
		Release|Any CPU = Release|Any CPU
	EndGlobalSection
	GlobalSection(ProjectConfigurationPlatforms) = postSolution
		{3BE0456D-DC70-4BC6-A188-CAE4043C9813}.Debug|Any CPU.ActiveCfg = Debug|Any CPU
		{3BE0456D-DC70-4BC6-A188-CAE4043C9813}.Debug|Any CPU.Build.0 = Debug|Any CPU
		{3BE0456D-DC70-4BC6-A188-CAE4043C9813}.Release|Any CPU.ActiveCfg = Release|Any CPU
		{3BE0456D-DC70-4BC6-A188-CAE4043C9813}.Release|Any CPU.Build.0 = Release|Any CPU
		{2785E0EE-F2D6-4C66-9CEA-574993DE4670}.Debug|Any CPU.ActiveCfg = Debug|Any CPU
		{2785E0EE-F2D6-4C66-9CEA-574993DE4670}.Debug|Any CPU.Build.0 = Debug|Any CPU
		{2785E0EE-F2D6-4C66-9CEA-574993DE4670}.Release|Any CPU.ActiveCfg = Release|Any CPU
		{2785E0EE-F2D6-4C66-9CEA-574993DE4670}.Release|Any CPU.Build.0 = Release|Any CPU
		{D6D4BEEE-26F9-4C7A-B942-ABC7753284F2}.Debug|Any CPU.ActiveCfg = Debug|Any CPU
		{D6D4BEEE-26F9-4C7A-B942-ABC7753284F2}.Debug|Any CPU.Build.0 = Debug|Any CPU
		{D6D4BEEE-26F9-4C7A-B942-ABC7753284F2}.Release|Any CPU.ActiveCfg = Release|Any CPU
		{D6D4BEEE-26F9-4C7A-B942-ABC7753284F2}.Release|Any CPU.Build.0 = Release|Any CPU
		{8A7E2459-E622-47F9-B567-CC71D1ED1F44}.Debug|Any CPU.ActiveCfg = Debug|Any CPU
		{8A7E2459-E622-47F9-B567-CC71D1ED1F44}.Debug|Any CPU.Build.0 = Debug|Any CPU
		{8A7E2459-E622-47F9-B567-CC71D1ED1F44}.Release|Any CPU.ActiveCfg = Release|Any CPU
		{8A7E2459-E622-47F9-B567-CC71D1ED1F44}.Release|Any CPU.Build.0 = Release|Any CPU
	EndGlobalSection
	GlobalSection(SolutionProperties) = preSolution
		HideSolutionNode = FALSE
	EndGlobalSection
	GlobalSection(ExtensibilityGlobals) = postSolution
		SolutionGuid = {11E9DA4D-2EE1-4775-B2EF-4CF24A79317E}
	EndGlobalSection
EndGlobal
